
Microsoft Visual Studio Solution File, Format Version 12.00
# Visual Studio Version 16
VisualStudioVersion = 16.0.31729.503
MinimumVisualStudioVersion = 10.0.40219.1
Project("{FAE04EC0-301F-11D3-BF4B-00C04F79EFBC}") = "CG_Bank", "CG_Bank.csproj", "{7C6E982F-E466-4A75-8420-AEEC770636DF}"
EndProject
Global
	GlobalSection(SolutionConfigurationPlatforms) = preSolution
		Debug|Any CPU = Debug|Any CPU
		Release|Any CPU = Release|Any CPU
	EndGlobalSection
	GlobalSection(ProjectConfigurationPlatforms) = postSolution
		{7C6E982F-E466-4A75-8420-AEEC770636DF}.Debug|Any CPU.ActiveCfg = Debug|Any CPU
		{7C6E982F-E466-4A75-8420-AEEC770636DF}.Debug|Any CPU.Build.0 = Debug|Any CPU
		{7C6E982F-E466-4A75-8420-AEEC770636DF}.Release|Any CPU.ActiveCfg = Release|Any CPU
		{7C6E982F-E466-4A75-8420-AEEC770636DF}.Release|Any CPU.Build.0 = Release|Any CPU
	EndGlobalSection
	GlobalSection(SolutionProperties) = preSolution
		HideSolutionNode = FALSE
	EndGlobalSection
	GlobalSection(ExtensibilityGlobals) = postSolution
		SolutionGuid = {5319991C-4CBF-4A99-ACB3-39D5FAA5E159}
	EndGlobalSection
EndGlobal
